
Microsoft Visual Studio Solution File, Format Version 12.00
# Visual Studio Version 17
VisualStudioVersion = 17.0.31903.59
MinimumVisualStudioVersion = 10.0.40219.1
Project("{FAE04EC0-301F-11D3-BF4B-00C04F79EFBC}") = "CsharpSpellbook.Mvvm", "src\CsharpSpellbook.Mvvm\CsharpSpellbook.Mvvm.csproj", "{38541FC7-3CF8-4118-B641-211459B2F6FA}"
EndProject
Project("{2150E333-8FDC-42A3-9474-1A3956D46DE8}") = "src", "src", "{02EA681E-C7D8-13C7-8484-4AC65E1B71E8}"
EndProject
Project("{2150E333-8FDC-42A3-9474-1A3956D46DE8}") = "tests", "tests", "{660A423E-A593-4B94-9CB6-2F0B939ABC47}"
EndProject
Project("{2150E333-8FDC-42A3-9474-1A3956D46DE8}") = "samples", "samples", "{07E0A1D4-725E-4062-9716-497625CFA92C}"
EndProject
Project("{FAE04EC0-301F-11D3-BF4B-00C04F79EFBC}") = "CsharpSpellbook.Mvvm.Tests", "tests\CsharpSpellbook.Mvvm.Tests\CsharpSpellbook.Mvvm.Tests.csproj", "{85D0C8AB-4791-46CF-8108-E10204FF06E6}"
EndProject
Project("{FAE04EC0-301F-11D3-BF4B-00C04F79EFBC}") = "ToneGenerator", "samples\ToneGenerator\ToneGenerator.csproj", "{4ECD3AD0-38B0-442A-B91E-CA33F17109C9}"
EndProject
Global
	GlobalSection(SolutionConfigurationPlatforms) = preSolution
		Debug|Any CPU = Debug|Any CPU
		Release|Any CPU = Release|Any CPU
	EndGlobalSection
	GlobalSection(ProjectConfigurationPlatforms) = postSolution
		{38541FC7-3CF8-4118-B641-211459B2F6FA}.Debug|Any CPU.ActiveCfg = Debug|Any CPU
		{38541FC7-3CF8-4118-B641-211459B2F6FA}.Debug|Any CPU.Build.0 = Debug|Any CPU
		{38541FC7-3CF8-4118-B641-211459B2F6FA}.Release|Any CPU.ActiveCfg = Release|Any CPU
		{38541FC7-3CF8-4118-B641-211459B2F6FA}.Release|Any CPU.Build.0 = Release|Any CPU
		{85D0C8AB-4791-46CF-8108-E10204FF06E6}.Debug|Any CPU.ActiveCfg = Debug|Any CPU
		{85D0C8AB-4791-46CF-8108-E10204FF06E6}.Debug|Any CPU.Build.0 = Debug|Any CPU
		{85D0C8AB-4791-46CF-8108-E10204FF06E6}.Release|Any CPU.ActiveCfg = Release|Any CPU
		{85D0C8AB-4791-46CF-8108-E10204FF06E6}.Release|Any CPU.Build.0 = Release|Any CPU
		{4ECD3AD0-38B0-442A-B91E-CA33F17109C9}.Debug|Any CPU.ActiveCfg = Debug|Any CPU
		{4ECD3AD0-38B0-442A-B91E-CA33F17109C9}.Debug|Any CPU.Build.0 = Debug|Any CPU
		{4ECD3AD0-38B0-442A-B91E-CA33F17109C9}.Release|Any CPU.ActiveCfg = Release|Any CPU
		{4ECD3AD0-38B0-442A-B91E-CA33F17109C9}.Release|Any CPU.Build.0 = Release|Any CPU
	EndGlobalSection
	GlobalSection(SolutionProperties) = preSolution
		HideSolutionNode = FALSE
	EndGlobalSection
	GlobalSection(NestedProjects) = preSolution
		{38541FC7-3CF8-4118-B641-211459B2F6FA} = {02EA681E-C7D8-13C7-8484-4AC65E1B71E8}
		{85D0C8AB-4791-46CF-8108-E10204FF06E6} = {660A423E-A593-4B94-9CB6-2F0B939ABC47}
		{4ECD3AD0-38B0-442A-B91E-CA33F17109C9} = {07E0A1D4-725E-4062-9716-497625CFA92C}
	EndGlobalSection
	GlobalSection(ExtensibilityGlobals) = postSolution
		SolutionGuid = {AA495214-8C7F-49A0-B791-569E36CB90AC}
	EndGlobalSection
EndGlobal
